Microsoft Visual Studio Solution File, Format Version 12.00
# Visual Studio Version 17
VisualStudioVersion = 17.1.32228.430
MinimumVisualStudioVersion = 10.0.40219.1
Project("{9A19103F-16F7-4668-BE54-9A1E7A4F7556}") = "MetamorphosisCore", "MetamorphosisCore\MetamorphosisCore.csproj", "{D92CD989-9294-4C9F-89FD-189A725753F9}"
EndProject
Project("{930C7802-8A8C-48F9-8165-68863BCCD9DD}") = "MetaInstaller", "MetaInstaller\MetaInstaller.wixproj", "{FBFA97EE-E675-4B07-BF0F-30745F5DC434}"
EndProject
Global
	GlobalSection(SolutionConfigurationPlatforms) = preSolution
		Debug|Any CPU = Debug|Any CPU
		Release|Any CPU = Release|Any CPU
	EndGlobalSection
	GlobalSection(ProjectConfigurationPlatforms) = postSolution
		{D92CD989-9294-4C9F-89FD-189A725753F9}.Debug|Any CPU.ActiveCfg = Debug|Any CPU
		{D92CD989-9294-4C9F-89FD-189A725753F9}.Debug|Any CPU.Build.0 = Debug|Any CPU
		{D92CD989-9294-4C9F-89FD-189A725753F9}.Release|Any CPU.ActiveCfg = Release|Any CPU
		{D92CD989-9294-4C9F-89FD-189A725753F9}.Release|Any CPU.Build.0 = Release|Any CPU
		{FBFA97EE-E675-4B07-BF0F-30745F5DC434}.Debug|Any CPU.ActiveCfg = Debug|x86
		{FBFA97EE-E675-4B07-BF0F-30745F5DC434}.Release|Any CPU.ActiveCfg = Release|x86
	EndGlobalSection
	GlobalSection(SolutionProperties) = preSolution
		HideSolutionNode = FALSE
	EndGlobalSection
EndGlobal
